# THIS IS AN AUTOGENERATED FILE. DO NOT EDIT THIS FILE DIRECTLY.
# yarn lockfile v1


"@babel/polyfill@^7.0.0":
  version "7.12.1"
  resolved "https://registry.yarnpkg.com/@babel/polyfill/-/polyfill-7.12.1.tgz#1f2d6371d1261bbd961f3c5d5909150e12d0bd96"
  integrity sha512-X0pi0V6gxLi6lFZpGmeNa4zxtwEmCs42isWLNjZZDE0Y8yVfgu0T2OAHlzBbdYlqbW/YXVvoBHpATEM+goCj8g==
  dependencies:
    core-js "^2.6.5"
    regenerator-runtime "^0.13.4"

"@babel/runtime@^7.1.2":
  version "7.23.7"
  resolved "https://registry.yarnpkg.com/@babel/runtime/-/runtime-7.23.7.tgz#dd7c88deeb218a0f8bd34d5db1aa242e0f203193"
  integrity sha512-w06OXVOFso7LcbzMiDGt+3X7Rh7Ho8MmgPoWU3rarH+8upf+wSU/grlGbWzQyr3DkdN6ZeuMFjpdwW0Q+HxobA==
  dependencies:
    regenerator-runtime "^0.14.0"

core-js@^2.6.5:
  version "2.6.12"
  resolved "https://registry.yarnpkg.com/core-js/-/core-js-2.6.12.tgz#d9333dfa7b065e347cc5682219d6f690859cc2ec"
  integrity sha512-Kb2wC0fvsWfQrgk8HU5lW6U/Lcs8+9aaYcy4ZFc6DDlo4nZ7n70dEgE5rtR0oG6ufKDUnrwfWL1mXR5ljDatrQ==

regenerator-runtime@^0.13.4:
  version "0.13.11"
  resolved "https://registry.yarnpkg.com/regenerator-runtime/-/regenerator-runtime-0.13.11.tgz#f6dca3e7ceec20590d07ada785636a90cdca17f9"
  integrity sha512-kY1AZVr2Ra+t+piVaJ4gxaFaReZVH40AKNo7UCX6W+dEwBo/2oZJzqfuN1qLq1oL45o56cPaTXELwrTh8Fpggg==

regenerator-runtime@^0.14.0:
  version "0.14.1"
  resolved "https://registry.yarnpkg.com/regenerator-runtime/-/regenerator-runtime-0.14.1.tgz#356ade10263f685dda125100cd862c1db895327f"
  integrity sha512-dYnhHh0nJoMfnkZs6GmmhFknAGRrLznOu5nc9ML+EJxGvrx6H7teuevqVqCuPcPK//3eDrrjQhehXVx9cnkGdw==

scratchcard-js@^1.5.5:
  version "1.5.5"
  resolved "https://registry.yarnpkg.com/scratchcard-js/-/scratchcard-js-1.5.5.tgz#f6d9b8d7d5323f7acbc5a59e84ecb1f7c6550359"
  integrity sha512-i46O+DmlPr4AwAAXaYn1zuC/F8SyJf+fY9wPbFi2i0KN2gCuJ83Tdn0KLoD86/rZ2RIEhp+rhZmoHEwwGwMjwA==
  dependencies:
    "@babel/polyfill" "^7.0.0"
    "@babel/runtime" "^7.1.2"
